version: 1
checksums:
  4188a166aad2705b4f09401f924502ed:
    get_started: 1d5f030c4ec9c869e647ae060518b948
    documentation: 1563fcb5ddb5037b0709ccd3dd384a92
    contribute: d0ef249dffa01dc9851b9e436e562349
    donate: dc5e7e3d3f4c453b85bd549a898f1775
    testimonial-1: 3cc5b29690c345663ef04cbd11a29b71
    testimonial-2: 87c84ec78a876365e5fe87ba75c831eb
    testimonial-3: 9b0647ec02ae5764d5a028501449a5ff
    testimonial-4: 3a7661e8c7fa94bbeaa12f96094f8f0d
    testimonial-5: 3a7661e8c7fa94bbeaa12f96094f8f0d
    testimonial-6: e9edec89a394329d4794ba643175365d
    testimonial-7: 39553684cd018ef373d149e42bd89083
    testimonial-8: 07824d8783225ca28a2d7758ddc3a03a
    testimonial-9: d0dbc5d890a8f43aaca146568399356c
    what-users-are-saying: 8d9bf742eed4d380fa7cd79ee39f2051
